
Microsoft Visual Studio Solution File, Format Version 12.00
# Visual Studio Version 16
VisualStudioVersion = 16.0.29709.97
MinimumVisualStudioVersion = 10.0.40219.1
Project("{2150E333-8FDC-42A3-9474-1A3956D46DE8}") = "PresentationLayer", "PresentationLayer", "{62532458-2414-496E-B2ED-9DA912BD7272}"
EndProject
Project("{2150E333-8FDC-42A3-9474-1A3956D46DE8}") = "ServiceLayer", "ServiceLayer", "{5A1D7094-5090-4B21-ABB1-05054018D1BE}"
EndProject
Project("{2150E333-8FDC-42A3-9474-1A3956D46DE8}") = "BusinessLogicLayer", "BusinessLogicLayer", "{3775D0CF-0332-4B8A-B3C3-5CA350E97CA8}"
EndProject
Project("{2150E333-8FDC-42A3-9474-1A3956D46DE8}") = "DataAccessLayer", "DataAccessLayer", "{039E5C0E-65CF-46A1-A9E6-54E6FC28BF58}"
EndProject
Project("{2150E333-8FDC-42A3-9474-1A3956D46DE8}") = "IoC", "IoC", "{ACE25E02-1E03-4CF0-B3AE-26A96549B114}"
EndProject
Project("{FAE04EC0-301F-11D3-BF4B-00C04F79EFBC}") = "HealthCatalyst.PSA.DAL.Concrete", "HealthCatalyst.PSA.DAL\HealthCatalyst.PSA.DAL.Concrete.csproj", "{D0BB9FAC-53E9-403B-81BA-8286A327F842}"
EndProject
Project("{2150E333-8FDC-42A3-9474-1A3956D46DE8}") = "Abstract", "Abstract", "{5AF458CB-B0E4-463C-AADF-DCAB2E1EB1F7}"
EndProject
Project("{2150E333-8FDC-42A3-9474-1A3956D46DE8}") = "Concrete", "Concrete", "{7336C537-8B0A-4704-97FE-D8ADB7A44CE2}"
EndProject
Project("{FAE04EC0-301F-11D3-BF4B-00C04F79EFBC}") = "HealthCatalyst.PSA.DAL.Abstract", "HealthCatalyst.PSA.DAL.Abstract\HealthCatalyst.PSA.DAL.Abstract.csproj", "{DB83A31D-2BED-428F-8172-5A4999DA2906}"
EndProject
Project("{2150E333-8FDC-42A3-9474-1A3956D46DE8}") = "Abstract", "Abstract", "{1997DB4B-B07D-40F6-A54F-725A7632B50D}"
EndProject
Project("{2150E333-8FDC-42A3-9474-1A3956D46DE8}") = "Concrete", "Concrete", "{6C59EA08-3514-40D8-B6F0-23490AF73D7F}"
EndProject
Project("{FAE04EC0-301F-11D3-BF4B-00C04F79EFBC}") = "HealthCatalyst.PSA.BAL.Abstract", "HealthCatalyst.PSA.BAL.Abstract\HealthCatalyst.PSA.BAL.Abstract.csproj", "{159E3A75-DF4D-414F-BC20-B5537BBEEF00}"
EndProject
Project("{FAE04EC0-301F-11D3-BF4B-00C04F79EFBC}") = "HealthCatalyst.PSA.BAL.Concrete", "HealthCayalyst.PSA.BAL.Concrete\HealthCatalyst.PSA.BAL.Concrete.csproj", "{5D250404-FD86-493C-A2D2-F3F6C160311B}"
EndProject
Project("{FAE04EC0-301F-11D3-BF4B-00C04F79EFBC}") = "HealthCatalyst.PSA.WebAPI", "HealthCatalyst.PSA.WebAPI\HealthCatalyst.PSA.WebAPI.csproj", "{3765F6B4-D1CA-42BF-968D-078CFB960E1C}"
EndProject
Project("{FAE04EC0-301F-11D3-BF4B-00C04F79EFBC}") = "HealthCatalyst.PSA.IoC", "HealthCatalyst.PSA.IoC\HealthCatalyst.PSA.IoC.csproj", "{6F7FED75-C8C7-4FA6-A3F5-7CBAC8853706}"
EndProject
Project("{2150E333-8FDC-42A3-9474-1A3956D46DE8}") = "Models", "Models", "{3AF488E2-3A46-4FB6-86EA-477C9B9B168C}"
EndProject
Project("{FAE04EC0-301F-11D3-BF4B-00C04F79EFBC}") = "HealthCatalyst.PSA.BAL.Models", "HealthCatalyst.PSA.BAL.Models\HealthCatalyst.PSA.BAL.Models.csproj", "{F07345D4-458C-473B-AE6E-66DF8D368838}"
EndProject
Project("{2150E333-8FDC-42A3-9474-1A3956D46DE8}") = "Test", "Test", "{20873A5E-7186-4FC1-B0C5-DDC5879CFCC5}"
EndProject
Project("{FAE04EC0-301F-11D3-BF4B-00C04F79EFBC}") = "HealthCatalyst.PSA.UnitTests", "HealthCatalyst.PSA.UnitTest\HealthCatalyst.PSA.UnitTests.csproj", "{EEC90BBC-F198-4871-8B88-32F752B568F8}"
EndProject
Project("{2150E333-8FDC-42A3-9474-1A3956D46DE8}") = "DataEntity", "DataEntity", "{2190CAB5-376F-43D1-A531-6E1FD4A4A6F6}"
EndProject
Project("{FAE04EC0-301F-11D3-BF4B-00C04F79EFBC}") = "HealthCatalyst.PSA.DAL.EntityModel", "HealthCatalyst.PSA.DAL.EntityModel\HealthCatalyst.PSA.DAL.EntityModel.csproj", "{3B30949A-1B96-4320-B005-1ADC9C2A5B62}"
EndProject
Project("{2150E333-8FDC-42A3-9474-1A3956D46DE8}") = "Repository", "Repository", "{BF0F57BC-B177-404B-88C5-9F69AEDA7E69}"
EndProject
Project("{FAE04EC0-301F-11D3-BF4B-00C04F79EFBC}") = "HealthCatalyst.PSA.Repository.Concrete", "HealthCatalyst.PSA.Repository\HealthCatalyst.PSA.Repository.Concrete.csproj", "{6CF4353A-BC23-4A19-A659-E3E0C5ED0C6B}"
EndProject
Project("{FAE04EC0-301F-11D3-BF4B-00C04F79EFBC}") = "HealthCatalyst.PSA.Repository.Abstract", "HealthCatalyst.PSA.AbstractRepository\HealthCatalyst.PSA.Repository.Abstract.csproj", "{B8F35888-586E-437E-8CD9-59904DA2D4B9}"
EndProject
Project("{FAE04EC0-301F-11D3-BF4B-00C04F79EFBC}") = "HealthCatalyst.PSA.WebUI", "HealthCatalyst.PSA.WebUI\HealthCatalyst.PSA.WebUI.csproj", "{3EC67468-8C8B-4396-B430-FC7F3C4D36B9}"
EndProject
Global
	GlobalSection(SolutionConfigurationPlatforms) = preSolution
		Debug|Any CPU = Debug|Any CPU
		Release|Any CPU = Release|Any CPU
	EndGlobalSection
	GlobalSection(ProjectConfigurationPlatforms) = postSolution
		{D0BB9FAC-53E9-403B-81BA-8286A327F842}.Debug|Any CPU.ActiveCfg = Debug|Any CPU
		{D0BB9FAC-53E9-403B-81BA-8286A327F842}.Debug|Any CPU.Build.0 = Debug|Any CPU
		{D0BB9FAC-53E9-403B-81BA-8286A327F842}.Release|Any CPU.ActiveCfg = Release|Any CPU
		{D0BB9FAC-53E9-403B-81BA-8286A327F842}.Release|Any CPU.Build.0 = Release|Any CPU
		{DB83A31D-2BED-428F-8172-5A4999DA2906}.Debug|Any CPU.ActiveCfg = Debug|Any CPU
		{DB83A31D-2BED-428F-8172-5A4999DA2906}.Debug|Any CPU.Build.0 = Debug|Any CPU
		{DB83A31D-2BED-428F-8172-5A4999DA2906}.Release|Any CPU.ActiveCfg = Release|Any CPU
		{DB83A31D-2BED-428F-8172-5A4999DA2906}.Release|Any CPU.Build.0 = Release|Any CPU
		{159E3A75-DF4D-414F-BC20-B5537BBEEF00}.Debug|Any CPU.ActiveCfg = Debug|Any CPU
		{159E3A75-DF4D-414F-BC20-B5537BBEEF00}.Debug|Any CPU.Build.0 = Debug|Any CPU
		{159E3A75-DF4D-414F-BC20-B5537BBEEF00}.Release|Any CPU.ActiveCfg = Release|Any CPU
		{159E3A75-DF4D-414F-BC20-B5537BBEEF00}.Release|Any CPU.Build.0 = Release|Any CPU
		{5D250404-FD86-493C-A2D2-F3F6C160311B}.Debug|Any CPU.ActiveCfg = Debug|Any CPU
		{5D250404-FD86-493C-A2D2-F3F6C160311B}.Debug|Any CPU.Build.0 = Debug|Any CPU
		{5D250404-FD86-493C-A2D2-F3F6C160311B}.Release|Any CPU.ActiveCfg = Release|Any CPU
		{5D250404-FD86-493C-A2D2-F3F6C160311B}.Release|Any CPU.Build.0 = Release|Any CPU
		{3765F6B4-D1CA-42BF-968D-078CFB960E1C}.Debug|Any CPU.ActiveCfg = Debug|Any CPU
		{3765F6B4-D1CA-42BF-968D-078CFB960E1C}.Debug|Any CPU.Build.0 = Debug|Any CPU
		{3765F6B4-D1CA-42BF-968D-078CFB960E1C}.Release|Any CPU.ActiveCfg = Release|Any CPU
		{3765F6B4-D1CA-42BF-968D-078CFB960E1C}.Release|Any CPU.Build.0 = Release|Any CPU
		{6F7FED75-C8C7-4FA6-A3F5-7CBAC8853706}.Debug|Any CPU.ActiveCfg = Debug|Any CPU
		{6F7FED75-C8C7-4FA6-A3F5-7CBAC8853706}.Debug|Any CPU.Build.0 = Debug|Any CPU
		{6F7FED75-C8C7-4FA6-A3F5-7CBAC8853706}.Release|Any CPU.ActiveCfg = Release|Any CPU
		{6F7FED75-C8C7-4FA6-A3F5-7CBAC8853706}.Release|Any CPU.Build.0 = Release|Any CPU
		{F07345D4-458C-473B-AE6E-66DF8D368838}.Debug|Any CPU.ActiveCfg = Debug|Any CPU
		{F07345D4-458C-473B-AE6E-66DF8D368838}.Debug|Any CPU.Build.0 = Debug|Any CPU
		{F07345D4-458C-473B-AE6E-66DF8D368838}.Release|Any CPU.ActiveCfg = Release|Any CPU
		{F07345D4-458C-473B-AE6E-66DF8D368838}.Release|Any CPU.Build.0 = Release|Any CPU
		{EEC90BBC-F198-4871-8B88-32F752B568F8}.Debug|Any CPU.ActiveCfg = Debug|Any CPU
		{EEC90BBC-F198-4871-8B88-32F752B568F8}.Debug|Any CPU.Build.0 = Debug|Any CPU
		{EEC90BBC-F198-4871-8B88-32F752B568F8}.Release|Any CPU.ActiveCfg = Release|Any CPU
		{EEC90BBC-F198-4871-8B88-32F752B568F8}.Release|Any CPU.Build.0 = Release|Any CPU
		{3B30949A-1B96-4320-B005-1ADC9C2A5B62}.Debug|Any CPU.ActiveCfg = Debug|Any CPU
		{3B30949A-1B96-4320-B005-1ADC9C2A5B62}.Debug|Any CPU.Build.0 = Debug|Any CPU
		{3B30949A-1B96-4320-B005-1ADC9C2A5B62}.Release|Any CPU.ActiveCfg = Release|Any CPU
		{3B30949A-1B96-4320-B005-1ADC9C2A5B62}.Release|Any CPU.Build.0 = Release|Any CPU
		{6CF4353A-BC23-4A19-A659-E3E0C5ED0C6B}.Debug|Any CPU.ActiveCfg = Debug|Any CPU
		{6CF4353A-BC23-4A19-A659-E3E0C5ED0C6B}.Debug|Any CPU.Build.0 = Debug|Any CPU
		{6CF4353A-BC23-4A19-A659-E3E0C5ED0C6B}.Release|Any CPU.ActiveCfg = Release|Any CPU
		{6CF4353A-BC23-4A19-A659-E3E0C5ED0C6B}.Release|Any CPU.Build.0 = Release|Any CPU
		{B8F35888-586E-437E-8CD9-59904DA2D4B9}.Debug|Any CPU.ActiveCfg = Debug|Any CPU
		{B8F35888-586E-437E-8CD9-59904DA2D4B9}.Debug|Any CPU.Build.0 = Debug|Any CPU
		{B8F35888-586E-437E-8CD9-59904DA2D4B9}.Release|Any CPU.ActiveCfg = Release|Any CPU
		{B8F35888-586E-437E-8CD9-59904DA2D4B9}.Release|Any CPU.Build.0 = Release|Any CPU
		{3EC67468-8C8B-4396-B430-FC7F3C4D36B9}.Debug|Any CPU.ActiveCfg = Debug|Any CPU
		{3EC67468-8C8B-4396-B430-FC7F3C4D36B9}.Debug|Any CPU.Build.0 = Debug|Any CPU
		{3EC67468-8C8B-4396-B430-FC7F3C4D36B9}.Release|Any CPU.ActiveCfg = Release|Any CPU
		{3EC67468-8C8B-4396-B430-FC7F3C4D36B9}.Release|Any CPU.Build.0 = Release|Any CPU
	EndGlobalSection
	GlobalSection(SolutionProperties) = preSolution
		HideSolutionNode = FALSE
	EndGlobalSection
	GlobalSection(NestedProjects) = preSolution
		{D0BB9FAC-53E9-403B-81BA-8286A327F842} = {7336C537-8B0A-4704-97FE-D8ADB7A44CE2}
		{5AF458CB-B0E4-463C-AADF-DCAB2E1EB1F7} = {039E5C0E-65CF-46A1-A9E6-54E6FC28BF58}
		{7336C537-8B0A-4704-97FE-D8ADB7A44CE2} = {039E5C0E-65CF-46A1-A9E6-54E6FC28BF58}
		{DB83A31D-2BED-428F-8172-5A4999DA2906} = {5AF458CB-B0E4-463C-AADF-DCAB2E1EB1F7}
		{1997DB4B-B07D-40F6-A54F-725A7632B50D} = {3775D0CF-0332-4B8A-B3C3-5CA350E97CA8}
		{6C59EA08-3514-40D8-B6F0-23490AF73D7F} = {3775D0CF-0332-4B8A-B3C3-5CA350E97CA8}
		{159E3A75-DF4D-414F-BC20-B5537BBEEF00} = {1997DB4B-B07D-40F6-A54F-725A7632B50D}
		{5D250404-FD86-493C-A2D2-F3F6C160311B} = {6C59EA08-3514-40D8-B6F0-23490AF73D7F}
		{3765F6B4-D1CA-42BF-968D-078CFB960E1C} = {5A1D7094-5090-4B21-ABB1-05054018D1BE}
		{6F7FED75-C8C7-4FA6-A3F5-7CBAC8853706} = {ACE25E02-1E03-4CF0-B3AE-26A96549B114}
		{3AF488E2-3A46-4FB6-86EA-477C9B9B168C} = {3775D0CF-0332-4B8A-B3C3-5CA350E97CA8}
		{F07345D4-458C-473B-AE6E-66DF8D368838} = {3AF488E2-3A46-4FB6-86EA-477C9B9B168C}
		{EEC90BBC-F198-4871-8B88-32F752B568F8} = {20873A5E-7186-4FC1-B0C5-DDC5879CFCC5}
		{2190CAB5-376F-43D1-A531-6E1FD4A4A6F6} = {039E5C0E-65CF-46A1-A9E6-54E6FC28BF58}
		{3B30949A-1B96-4320-B005-1ADC9C2A5B62} = {2190CAB5-376F-43D1-A531-6E1FD4A4A6F6}
		{6CF4353A-BC23-4A19-A659-E3E0C5ED0C6B} = {BF0F57BC-B177-404B-88C5-9F69AEDA7E69}
		{B8F35888-586E-437E-8CD9-59904DA2D4B9} = {BF0F57BC-B177-404B-88C5-9F69AEDA7E69}
		{3EC67468-8C8B-4396-B430-FC7F3C4D36B9} = {62532458-2414-496E-B2ED-9DA912BD7272}
	EndGlobalSection
	GlobalSection(ExtensibilityGlobals) = postSolution
		SolutionGuid = {CEA5D370-BC13-4950-811E-0FE30A1DB282}
	EndGlobalSection
EndGlobal
